
Microsoft Visual Studio Solution File, Format Version 12.00
# Visual Studio Version 17
VisualStudioVersion = 17.1.32210.238
MinimumVisualStudioVersion = 10.0.40219.1
Project("{9A19103F-16F7-4668-BE54-9A1E7A4F7556}") = "FFZLCK_HFT_2021222.Client", "FFZLCK_HFT_2021222.Client\FFZLCK_HFT_2021222.Client.csproj", "{407F258F-10F7-4F77-B7C6-B90AF9EBB990}"
EndProject
Project("{9A19103F-16F7-4668-BE54-9A1E7A4F7556}") = "FFZLCK_HFT_2021222.Models", "FFZLCK_HFT_2021222.Models\FFZLCK_HFT_2021222.Models.csproj", "{27653910-C78D-48FD-8536-38CC4415DF70}"
EndProject
Project("{9A19103F-16F7-4668-BE54-9A1E7A4F7556}") = "FFZLCK_HFT_2021222.Logic", "FFZLCK_HFT_2021222.Logic\FFZLCK_HFT_2021222.Logic.csproj", "{12579FEA-988B-427D-97DF-34ACD80A4B13}"
EndProject
Project("{9A19103F-16F7-4668-BE54-9A1E7A4F7556}") = "FFZLCK_HFT_2021222.Repository", "FFZLCK_HFT_2021222.Repository\FFZLCK_HFT_2021222.Repository.csproj", "{EC61CB75-164E-45BF-9B1C-792A7966A3D9}"
EndProject
Project("{9A19103F-16F7-4668-BE54-9A1E7A4F7556}") = "FFZLCK_HFT_2021222.Test", "FFZLCK_HFT_2021222.Test\FFZLCK_HFT_2021222.Test.csproj", "{877D4AFC-65B0-49F0-9224-E9DD7994DC93}"
EndProject
Project("{9A19103F-16F7-4668-BE54-9A1E7A4F7556}") = "FFZLCK_HFT_2021222.Endpoint", "FFZLCK_HFT_2021222.Endpoint\FFZLCK_HFT_2021222.Endpoint.csproj", "{375C2385-E88D-4991-871B-9DADF346D32D}"
EndProject
Project("{2150E333-8FDC-42A3-9474-1A3956D46DE8}") = "Backend", "Backend", "{BD5823EF-4516-4B4E-A0F8-73F6005CF84D}"
EndProject
Project("{2150E333-8FDC-42A3-9474-1A3956D46DE8}") = "Frontend", "Frontend", "{A08FE0EB-9E27-4517-94D1-BA3B600BE603}"
EndProject
Project("{2150E333-8FDC-42A3-9474-1A3956D46DE8}") = "Shared", "Shared", "{1F4C6345-57EF-4E99-8E16-14593CE7830F}"
EndProject
Project("{2150E333-8FDC-42A3-9474-1A3956D46DE8}") = "Others", "Others", "{2BE68FA1-33AC-4C64-A9D9-17FDEC28EF8B}"
	ProjectSection(SolutionItems) = preProject
		.gitignore = .gitignore
	EndProjectSection
EndProject
Global
	GlobalSection(SolutionConfigurationPlatforms) = preSolution
		Debug|Any CPU = Debug|Any CPU
		Release|Any CPU = Release|Any CPU
	EndGlobalSection
	GlobalSection(ProjectConfigurationPlatforms) = postSolution
		{407F258F-10F7-4F77-B7C6-B90AF9EBB990}.Debug|Any CPU.ActiveCfg = Debug|Any CPU
		{407F258F-10F7-4F77-B7C6-B90AF9EBB990}.Debug|Any CPU.Build.0 = Debug|Any CPU
		{407F258F-10F7-4F77-B7C6-B90AF9EBB990}.Release|Any CPU.ActiveCfg = Release|Any CPU
		{407F258F-10F7-4F77-B7C6-B90AF9EBB990}.Release|Any CPU.Build.0 = Release|Any CPU
		{27653910-C78D-48FD-8536-38CC4415DF70}.Debug|Any CPU.ActiveCfg = Debug|Any CPU
		{27653910-C78D-48FD-8536-38CC4415DF70}.Debug|Any CPU.Build.0 = Debug|Any CPU
		{27653910-C78D-48FD-8536-38CC4415DF70}.Release|Any CPU.ActiveCfg = Release|Any CPU
		{27653910-C78D-48FD-8536-38CC4415DF70}.Release|Any CPU.Build.0 = Release|Any CPU
		{12579FEA-988B-427D-97DF-34ACD80A4B13}.Debug|Any CPU.ActiveCfg = Debug|Any CPU
		{12579FEA-988B-427D-97DF-34ACD80A4B13}.Debug|Any CPU.Build.0 = Debug|Any CPU
		{12579FEA-988B-427D-97DF-34ACD80A4B13}.Release|Any CPU.ActiveCfg = Release|Any CPU
		{12579FEA-988B-427D-97DF-34ACD80A4B13}.Release|Any CPU.Build.0 = Release|Any CPU
		{EC61CB75-164E-45BF-9B1C-792A7966A3D9}.Debug|Any CPU.ActiveCfg = Debug|Any CPU
		{EC61CB75-164E-45BF-9B1C-792A7966A3D9}.Debug|Any CPU.Build.0 = Debug|Any CPU
		{EC61CB75-164E-45BF-9B1C-792A7966A3D9}.Release|Any CPU.ActiveCfg = Release|Any CPU
		{EC61CB75-164E-45BF-9B1C-792A7966A3D9}.Release|Any CPU.Build.0 = Release|Any CPU
		{877D4AFC-65B0-49F0-9224-E9DD7994DC93}.Debug|Any CPU.ActiveCfg = Debug|Any CPU
		{877D4AFC-65B0-49F0-9224-E9DD7994DC93}.Debug|Any CPU.Build.0 = Debug|Any CPU
		{877D4AFC-65B0-49F0-9224-E9DD7994DC93}.Release|Any CPU.ActiveCfg = Release|Any CPU
		{877D4AFC-65B0-49F0-9224-E9DD7994DC93}.Release|Any CPU.Build.0 = Release|Any CPU
		{375C2385-E88D-4991-871B-9DADF346D32D}.Debug|Any CPU.ActiveCfg = Debug|Any CPU
		{375C2385-E88D-4991-871B-9DADF346D32D}.Debug|Any CPU.Build.0 = Debug|Any CPU
		{375C2385-E88D-4991-871B-9DADF346D32D}.Release|Any CPU.ActiveCfg = Release|Any CPU
		{375C2385-E88D-4991-871B-9DADF346D32D}.Release|Any CPU.Build.0 = Release|Any CPU
	EndGlobalSection
	GlobalSection(SolutionProperties) = preSolution
		HideSolutionNode = FALSE
	EndGlobalSection
	GlobalSection(NestedProjects) = preSolution
		{407F258F-10F7-4F77-B7C6-B90AF9EBB990} = {A08FE0EB-9E27-4517-94D1-BA3B600BE603}
		{27653910-C78D-48FD-8536-38CC4415DF70} = {1F4C6345-57EF-4E99-8E16-14593CE7830F}
		{12579FEA-988B-427D-97DF-34ACD80A4B13} = {BD5823EF-4516-4B4E-A0F8-73F6005CF84D}
		{EC61CB75-164E-45BF-9B1C-792A7966A3D9} = {BD5823EF-4516-4B4E-A0F8-73F6005CF84D}
		{877D4AFC-65B0-49F0-9224-E9DD7994DC93} = {BD5823EF-4516-4B4E-A0F8-73F6005CF84D}
		{375C2385-E88D-4991-871B-9DADF346D32D} = {BD5823EF-4516-4B4E-A0F8-73F6005CF84D}
	EndGlobalSection
	GlobalSection(ExtensibilityGlobals) = postSolution
		SolutionGuid = {6B45CB39-7A79-4993-96FB-081EF7590C21}
	EndGlobalSection
EndGlobal
